// !$*UTF8*$!
{
	archiveVersion = 1;
	classes = {
	};
	objectVersion = 55;
	objects = {

/* Begin PBXBuildFile section */
		0632E1C12840C5E90079F4AC /* Background.mp4 in Resources */ = {isa = PBXBuildFile; fileRef = 0632E1C02840C5E90079F4AC /* Background.mp4 */; };
		0632E1C32840C8890079F4AC /* SearchViewController.storyboard in Resources */ = {isa = PBXBuildFile; fileRef = 0632E1C22840C8890079F4AC /* SearchViewController.storyboard */; };
		06472596283BE7F4001B38BD /* DailyTableViewCell.swift in Sources */ = {isa = PBXBuildFile; fileRef = 06472595283BE7F4001B38BD /* DailyTableViewCell.swift */; };
		0656018A283D629B00670F2F /* SearchViewController.swift in Sources */ = {isa = PBXBuildFile; fileRef = 06560189283D629B00670F2F /* SearchViewController.swift */; };
		06582010283B7D7200B36D92 /* HourlyCollectionViewCell.swift in Sources */ = {isa = PBXBuildFile; fileRef = 0658200F283B7D7200B36D92 /* HourlyCollectionViewCell.swift */; };
		067994D7284638F4005C9CB0 /* MapLocationViewController.swift in Sources */ = {isa = PBXBuildFile; fileRef = 067994D6284638F4005C9CB0 /* MapLocationViewController.swift */; };
		067994D928463927005C9CB0 /* MapLocationScreen.storyboard in Resources */ = {isa = PBXBuildFile; fileRef = 067994D828463927005C9CB0 /* MapLocationScreen.storyboard */; };
		067B83DA2844DCB800E29CAF /* NetworkService.swift in Sources */ = {isa = PBXBuildFile; fileRef = 067B83D92844DCB800E29CAF /* NetworkService.swift */; };
		067B83DD28460BFA00E29CAF /* FoundPlaceViewController.swift in Sources */ = {isa = PBXBuildFile; fileRef = 067B83DC28460BFA00E29CAF /* FoundPlaceViewController.swift */; };
		067B83DF28460C3B00E29CAF /* FoundPlaceViewController.storyboard in Resources */ = {isa = PBXBuildFile; fileRef = 067B83DE28460C3B00E29CAF /* FoundPlaceViewController.storyboard */; };
		069BA634283668A200E24F1A /* AppDelegate.swift in Sources */ = {isa = PBXBuildFile; fileRef = 069BA633283668A200E24F1A /* AppDelegate.swift */; };
		069BA636283668A200E24F1A /* SceneDelegate.swift in Sources */ = {isa = PBXBuildFile; fileRef = 069BA635283668A200E24F1A /* SceneDelegate.swift */; };
		069BA638283668A200E24F1A /* ViewController.swift in Sources */ = {isa = PBXBuildFile; fileRef = 069BA637283668A200E24F1A /* ViewController.swift */; };
		069BA63B283668A200E24F1A /* Main.storyboard in Resources */ = {isa = PBXBuildFile; fileRef = 069BA639283668A200E24F1A /* Main.storyboard */; };
		069BA63D283668A300E24F1A /* Assets.xcassets in Resources */ = {isa = PBXBuildFile; fileRef = 069BA63C283668A300E24F1A /* Assets.xcassets */; };
		069BA640283668A300E24F1A /* LaunchScreen.storyboard in Resources */ = {isa = PBXBuildFile; fileRef = 069BA63E283668A300E24F1A /* LaunchScreen.storyboard */; };
		069BA648283668D700E24F1A /* WeatherResponse.swift in Sources */ = {isa = PBXBuildFile; fileRef = 069BA647283668D700E24F1A /* WeatherResponse.swift */; };
		06B6FCCC283E2EA100DBA51E /* SearchResponseElement.swift in Sources */ = {isa = PBXBuildFile; fileRef = 06B6FCCB283E2EA100DBA51E /* SearchResponseElement.swift */; };
/* End PBXBuildFile section */

/* Begin PBXFileReference section */
		0632E1C02840C5E90079F4AC /* Background.mp4 */ = {isa = PBXFileReference; lastKnownFileType = file; path = Background.mp4; sourceTree = "<group>"; };
		0632E1C22840C8890079F4AC /* SearchViewController.storyboard */ = {isa = PBXFileReference; lastKnownFileType = file.storyboard; path = SearchViewController.storyboard; sourceTree = "<group>"; };
		06472595283BE7F4001B38BD /* DailyTableViewCell.swift */ = {isa = PBXFileReference; lastKnownFileType = sourcecode.swift; path = DailyTableViewCell.swift; sourceTree = "<group>"; };
		06560189283D629B00670F2F /* SearchViewController.swift */ = {isa = PBXFileReference; lastKnownFileType = sourcecode.swift; path = SearchViewController.swift; sourceTree = "<group>"; };
		0658200F283B7D7200B36D92 /* HourlyCollectionViewCell.swift */ = {isa = PBXFileReference; lastKnownFileType = sourcecode.swift; path = HourlyCollectionViewCell.swift; sourceTree = "<group>"; };
		067994D6284638F4005C9CB0 /* MapLocationViewController.swift */ = {isa = PBXFileReference; lastKnownFileType = sourcecode.swift; path = MapLocationViewController.swift; sourceTree = "<group>"; };
		067994D828463927005C9CB0 /* MapLocationScreen.storyboard */ = {isa = PBXFileReference; lastKnownFileType = file.storyboard; path = MapLocationScreen.storyboard; sourceTree = "<group>"; };
		067B83D92844DCB800E29CAF /* NetworkService.swift */ = {isa = PBXFileReference; lastKnownFileType = sourcecode.swift; path = NetworkService.swift; sourceTree = "<group>"; };
		067B83DC28460BFA00E29CAF /* FoundPlaceViewController.swift */ = {isa = PBXFileReference; lastKnownFileType = sourcecode.swift; path = FoundPlaceViewController.swift; sourceTree = "<group>"; };
		067B83DE28460C3B00E29CAF /* FoundPlaceViewController.storyboard */ = {isa = PBXFileReference; lastKnownFileType = file.storyboard; path = FoundPlaceViewController.storyboard; sourceTree = "<group>"; };
		069BA630283668A200E24F1A /* Main Weather.app */ = {isa = PBXFileReference; explicitFileType = wrapper.application; includeInIndex = 0; path = "Main Weather.app"; sourceTree = BUILT_PRODUCTS_DIR; };
		069BA633283668A200E24F1A /* AppDelegate.swift */ = {isa = PBXFileReference; lastKnownFileType = sourcecode.swift; path = AppDelegate.swift; sourceTree = "<group>"; };
		069BA635283668A200E24F1A /* SceneDelegate.swift */ = {isa = PBXFileReference; lastKnownFileType = sourcecode.swift; path = SceneDelegate.swift; sourceTree = "<group>"; };
		069BA637283668A200E24F1A /* ViewController.swift */ = {isa = PBXFileReference; lastKnownFileType = sourcecode.swift; path = ViewController.swift; sourceTree = "<group>"; };
		069BA63A283668A200E24F1A /* Base */ = {isa = PBXFileReference; lastKnownFileType = file.storyboard; name = Base; path = Base.lproj/Main.storyboard; sourceTree = "<group>"; };
		069BA63C283668A300E24F1A /* Assets.xcassets */ = {isa = PBXFileReference; lastKnownFileType = folder.assetcatalog; path = Assets.xcassets; sourceTree = "<group>"; };
		069BA63F283668A300E24F1A /* Base */ = {isa = PBXFileReference; lastKnownFileType = file.storyboard; name = Base; path = Base.lproj/LaunchScreen.storyboard; sourceTree = "<group>"; };
		069BA641283668A300E24F1A /* Info.plist */ = {isa = PBXFileReference; lastKnownFileType = text.plist.xml; path = Info.plist; sourceTree = "<group>"; };
		069BA647283668D700E24F1A /* WeatherResponse.swift */ = {isa = PBXFileReference; lastKnownFileType = sourcecode.swift; path = WeatherResponse.swift; sourceTree = "<group>"; };
		06B6FCCB283E2EA100DBA51E /* SearchResponseElement.swift */ = {isa = PBXFileReference; lastKnownFileType = sourcecode.swift; path = SearchResponseElement.swift; sourceTree = "<group>"; };
/* End PBXFileReference section */

/* Begin PBXFrameworksBuildPhase section */
		069BA62D283668A200E24F1A /* Frameworks */ = {
			isa = PBXFrameworksBuildPhase;
			buildActionMask = 2147483647;
			files = (
			);
			runOnlyForDeploymentPostprocessing = 0;
		};
/* End PBXFrameworksBuildPhase section */

/* Begin PBXGroup section */
		061E40A72848AF8400F9CE30 /* Response */ = {
			isa = PBXGroup;
			children = (
				069BA647283668D700E24F1A /* WeatherResponse.swift */,
				06B6FCCB283E2EA100DBA51E /* SearchResponseElement.swift */,
			);
			path = Response;
			sourceTree = "<group>";
		};
		06560187283D620600670F2F /* MainForecastScreen */ = {
			isa = PBXGroup;
			children = (
				069BA637283668A200E24F1A /* ViewController.swift */,
				0658200F283B7D7200B36D92 /* HourlyCollectionViewCell.swift */,
				06472595283BE7F4001B38BD /* DailyTableViewCell.swift */,
				069BA639283668A200E24F1A /* Main.storyboard */,
			);
			path = MainForecastScreen;
			sourceTree = "<group>";
		};
		06560188283D624300670F2F /* SearchLocationScreen */ = {
			isa = PBXGroup;
			children = (
				06560189283D629B00670F2F /* SearchViewController.swift */,
				067B83D92844DCB800E29CAF /* NetworkService.swift */,
				0632E1C22840C8890079F4AC /* SearchViewController.storyboard */,
			);
			path = SearchLocationScreen;
			sourceTree = "<group>";
		};
		067994D528463899005C9CB0 /* MapLocationScreen */ = {
			isa = PBXGroup;
			children = (
				067994D6284638F4005C9CB0 /* MapLocationViewController.swift */,
				067994D828463927005C9CB0 /* MapLocationScreen.storyboard */,
			);
			path = MapLocationScreen;
			sourceTree = "<group>";
		};
		067B83DB28460BA000E29CAF /* FoundPlaceScreen */ = {
			isa = PBXGroup;
			children = (
				067B83DC28460BFA00E29CAF /* FoundPlaceViewController.swift */,
				067B83DE28460C3B00E29CAF /* FoundPlaceViewController.storyboard */,
			);
			path = FoundPlaceScreen;
			sourceTree = "<group>";
		};
		069BA627283668A200E24F1A = {
			isa = PBXGroup;
			children = (
				069BA632283668A200E24F1A /* Main Weather */,
				069BA631283668A200E24F1A /* Products */,
			);
			sourceTree = "<group>";
		};
		069BA631283668A200E24F1A /* Products */ = {
			isa = PBXGroup;
			children = (
				069BA630283668A200E24F1A /* Main Weather.app */,
			);
			name = Products;
			sourceTree = "<group>";
		};
		069BA632283668A200E24F1A /* Main Weather */ = {
			isa = PBXGroup;
			children = (
				069BA633283668A200E24F1A /* AppDelegate.swift */,
				069BA635283668A200E24F1A /* SceneDelegate.swift */,
				061E40A72848AF8400F9CE30 /* Response */,
				06560187283D620600670F2F /* MainForecastScreen */,
				06560188283D624300670F2F /* SearchLocationScreen */,
				067B83DB28460BA000E29CAF /* FoundPlaceScreen */,
				067994D528463899005C9CB0 /* MapLocationScreen */,
				069BA63C283668A300E24F1A /* Assets.xcassets */,
				069BA63E283668A300E24F1A /* LaunchScreen.storyboard */,
				069BA641283668A300E24F1A /* Info.plist */,
				06A4E9B3283C1AE7002ADE40 /* BackgroundVideo */,
			);
			path = "Main Weather";
			sourceTree = "<group>";
		};
		06A4E9B3283C1AE7002ADE40 /* BackgroundVideo */ = {
			isa = PBXGroup;
			children = (
				0632E1C02840C5E90079F4AC /* Background.mp4 */,
			);
			path = BackgroundVideo;
			sourceTree = "<group>";
		};
/* End PBXGroup section */

/* Begin PBXNativeTarget section */
		069BA62F283668A200E24F1A /* Main Weather */ = {
			isa = PBXNativeTarget;
			buildConfigurationList = 069BA644283668A300E24F1A /* Build configuration list for PBXNativeTarget "Main Weather" */;
			buildPhases = (
				069BA62C283668A200E24F1A /* Sources */,
				069BA62D283668A200E24F1A /* Frameworks */,
				069BA62E283668A200E24F1A /* Resources */,
			);
			buildRules = (
			);
			dependencies = (
			);
			name = "Main Weather";
			productName = "Main Weather";
			productReference = 069BA630283668A200E24F1A /* Main Weather.app */;
			productType = "com.apple.product-type.application";
		};
/* End PBXNativeTarget section */

/* Begin PBXProject section */
		069BA628283668A200E24F1A /* Project object */ = {
			isa = PBXProject;
			attributes = {
				BuildIndependentTargetsInParallel = 1;
				LastSwiftUpdateCheck = 1300;
				LastUpgradeCheck = 1300;
				TargetAttributes = {
					069BA62F283668A200E24F1A = {
						CreatedOnToolsVersion = 13.0;
					};
				};
			};
			buildConfigurationList = 069BA62B283668A200E24F1A /* Build configuration list for PBXProject "Main Weather" */;
			compatibilityVersion = "Xcode 13.0";
			developmentRegion = en;
			hasScannedForEncodings = 0;
			knownRegions = (
				en,
				Base,
			);
			mainGroup = 069BA627283668A200E24F1A;
			productRefGroup = 069BA631283668A200E24F1A /* Products */;
			projectDirPath = "";
			projectRoot = "";
			targets = (
				069BA62F283668A200E24F1A /* Main Weather */,
			);
		};
/* End PBXProject section */

/* Begin PBXResourcesBuildPhase section */
		069BA62E283668A200E24F1A /* Resources */ = {
			isa = PBXResourcesBuildPhase;
			buildActionMask = 2147483647;
			files = (
				069BA640283668A300E24F1A /* LaunchScreen.storyboard in Resources */,
				0632E1C12840C5E90079F4AC /* Background.mp4 in Resources */,
				067B83DF28460C3B00E29CAF /* FoundPlaceViewController.storyboard in Resources */,
				069BA63D283668A300E24F1A /* Assets.xcassets in Resources */,
				0632E1C32840C8890079F4AC /* SearchViewController.storyboard in Resources */,
				069BA63B283668A200E24F1A /* Main.storyboard in Resources */,
				067994D928463927005C9CB0 /* MapLocationScreen.storyboard in Resources */,
			);
			runOnlyForDeploymentPostprocessing = 0;
		};
/* End PBXResourcesBuildPhase section */

/* Begin PBXSourcesBuildPhase section */
		069BA62C283668A200E24F1A /* Sources */ = {
			isa = PBXSourcesBuildPhase;
			buildActionMask = 2147483647;
			files = (
				069BA638283668A200E24F1A /* ViewController.swift in Sources */,
				067B83DD28460BFA00E29CAF /* FoundPlaceViewController.swift in Sources */,
				0656018A283D629B00670F2F /* SearchViewController.swift in Sources */,
				069BA634283668A200E24F1A /* AppDelegate.swift in Sources */,
				067994D7284638F4005C9CB0 /* MapLocationViewController.swift in Sources */,
				069BA636283668A200E24F1A /* SceneDelegate.swift in Sources */,
				067B83DA2844DCB800E29CAF /* NetworkService.swift in Sources */,
				06B6FCCC283E2EA100DBA51E /* SearchResponseElement.swift in Sources */,
				06472596283BE7F4001B38BD /* DailyTableViewCell.swift in Sources */,
				069BA648283668D700E24F1A /* WeatherResponse.swift in Sources */,
				06582010283B7D7200B36D92 /* HourlyCollectionViewCell.swift in Sources */,
			);
			runOnlyForDeploymentPostprocessing = 0;
		};
/* End PBXSourcesBuildPhase section */

/* Begin PBXVariantGroup section */
		069BA639283668A200E24F1A /* Main.storyboard */ = {
			isa = PBXVariantGroup;
			children = (
				069BA63A283668A200E24F1A /* Base */,
			);
			name = Main.storyboard;
			sourceTree = "<group>";
		};
		069BA63E283668A300E24F1A /* LaunchScreen.storyboard */ = {
			isa = PBXVariantGroup;
			children = (
				069BA63F283668A300E24F1A /* Base */,
			);
			name = LaunchScreen.storyboard;
			sourceTree = "<group>";
		};
/* End PBXVariantGroup section */

/* Begin XCBuildConfiguration section */
		069BA642283668A300E24F1A /* Debug */ = {
			isa = XCBuildConfiguration;
			buildSettings = {
				ALWAYS_SEARCH_USER_PATHS = NO;
				CLANG_ANALYZER_NONNULL = YES;
				CLANG_ANALYZER_NUMBER_OBJECT_CONVERSION = YES_AGGRESSIVE;
				CLANG_CXX_LANGUAGE_STANDARD = "gnu++17";
				CLANG_CXX_LIBRARY = "libc++";
				CLANG_ENABLE_MODULES = YES;
				CLANG_ENABLE_OBJC_ARC = YES;
				CLANG_ENABLE_OBJC_WEAK = YES;
				CLANG_WARN_BLOCK_CAPTURE_AUTORELEASING = YES;
				CLANG_WARN_BOOL_CONVERSION = YES;
				CLANG_WARN_COMMA = YES;
				CLANG_WARN_CONSTANT_CONVERSION = YES;
				CLANG_WARN_DEPRECATED_OBJC_IMPLEMENTATIONS = YES;
				CLANG_WARN_DIRECT_OBJC_ISA_USAGE = YES_ERROR;
				CLANG_WARN_DOCUMENTATION_COMMENTS = YES;
				CLANG_WARN_EMPTY_BODY = YES;
				CLANG_WARN_ENUM_CONVERSION = YES;
				CLANG_WARN_INFINITE_RECURSION = YES;
				CLANG_WARN_INT_CONVERSION = YES;
				CLANG_WARN_NON_LITERAL_NULL_CONVERSION = YES;
				CLANG_WARN_OBJC_IMPLICIT_RETAIN_SELF = YES;
				CLANG_WARN_OBJC_LITERAL_CONVERSION = YES;
				CLANG_WARN_OBJC_ROOT_CLASS = YES_ERROR;
				CLANG_WARN_QUOTED_INCLUDE_IN_FRAMEWORK_HEADER = YES;
				CLANG_WARN_RANGE_LOOP_ANALYSIS = YES;
				CLANG_WARN_STRICT_PROTOTYPES = YES;
				CLANG_WARN_SUSPICIOUS_MOVE = YES;
				CLANG_WARN_UNGUARDED_AVAILABILITY = YES_AGGRESSIVE;
				CLANG_WARN_UNREACHABLE_CODE = YES;
				CLANG_WARN__DUPLICATE_METHOD_MATCH = YES;
				COPY_PHASE_STRIP = NO;
				DEBUG_INFORMATION_FORMAT = dwarf;
				ENABLE_STRICT_OBJC_MSGSEND = YES;
				ENABLE_TESTABILITY = YES;
				GCC_C_LANGUAGE_STANDARD = gnu11;
				GCC_DYNAMIC_NO_PIC = NO;
				GCC_NO_COMMON_BLOCKS = YES;
				GCC_OPTIMIZATION_LEVEL = 0;
				GCC_PREPROCESSOR_DEFINITIONS = (
					"DEBUG=1",
					"$(inherited)",
				);
				GCC_WARN_64_TO_32_BIT_CONVERSION = YES;
				GCC_WARN_ABOUT_RETURN_TYPE = YES_ERROR;
				GCC_WARN_UNDECLARED_SELECTOR = YES;
				GCC_WARN_UNINITIALIZED_AUTOS = YES_AGGRESSIVE;
				GCC_WARN_UNUSED_FUNCTION = YES;
				GCC_WARN_UNUSED_VARIABLE = YES;
				IPHONEOS_DEPLOYMENT_TARGET = 15.0;
				MTL_ENABLE_DEBUG_INFO = INCLUDE_SOURCE;
				MTL_FAST_MATH = YES;
				ONLY_ACTIVE_ARCH = YES;
				SDKROOT = iphoneos;
				SWIFT_ACTIVE_COMPILATION_CONDITIONS = DEBUG;
				SWIFT_OPTIMIZATION_LEVEL = "-Onone";
			};
			name = Debug;
		};
		069BA643283668A300E24F1A /* Release */ = {
			isa = XCBuildConfiguration;
			buildSettings = {
				ALWAYS_SEARCH_USER_PATHS = NO;
				CLANG_ANALYZER_NONNULL = YES;
				CLANG_ANALYZER_NUMBER_OBJECT_CONVERSION = YES_AGGRESSIVE;
				CLANG_CXX_LANGUAGE_STANDARD = "gnu++17";
				CLANG_CXX_LIBRARY = "libc++";
				CLANG_ENABLE_MODULES = YES;
				CLANG_ENABLE_OBJC_ARC = YES;
				CLANG_ENABLE_OBJC_WEAK = YES;
				CLANG_WARN_BLOCK_CAPTURE_AUTORELEASING = YES;
				CLANG_WARN_BOOL_CONVERSION = YES;
				CLANG_WARN_COMMA = YES;
				CLANG_WARN_CONSTANT_CONVERSION = YES;
				CLANG_WARN_DEPRECATED_OBJC_IMPLEMENTATIONS = YES;
				CLANG_WARN_DIRECT_OBJC_ISA_USAGE = YES_ERROR;
				CLANG_WARN_DOCUMENTATION_COMMENTS = YES;
				CLANG_WARN_EMPTY_BODY = YES;
				CLANG_WARN_ENUM_CONVERSION = YES;
				CLANG_WARN_INFINITE_RECURSION = YES;
				CLANG_WARN_INT_CONVERSION = YES;
				CLANG_WARN_NON_LITERAL_NULL_CONVERSION = YES;
				CLANG_WARN_OBJC_IMPLICIT_RETAIN_SELF = YES;
				CLANG_WARN_OBJC_LITERAL_CONVERSION = YES;
				CLANG_WARN_OBJC_ROOT_CLASS = YES_ERROR;
				CLANG_WARN_QUOTED_INCLUDE_IN_FRAMEWORK_HEADER = YES;
				CLANG_WARN_RANGE_LOOP_ANALYSIS = YES;
				CLANG_WARN_STRICT_PROTOTYPES = YES;
				CLANG_WARN_SUSPICIOUS_MOVE = YES;
				CLANG_WARN_UNGUARDED_AVAILABILITY = YES_AGGRESSIVE;
				CLANG_WARN_UNREACHABLE_CODE = YES;
				CLANG_WARN__DUPLICATE_METHOD_MATCH = YES;
				COPY_PHASE_STRIP = NO;
				DEBUG_INFORMATION_FORMAT = "dwarf-with-dsym";
				ENABLE_NS_ASSERTIONS = NO;
				ENABLE_STRICT_OBJC_MSGSEND = YES;
				GCC_C_LANGUAGE_STANDARD = gnu11;
				GCC_NO_COMMON_BLOCKS = YES;
				GCC_WARN_64_TO_32_BIT_CONVERSION = YES;
				GCC_WARN_ABOUT_RETURN_TYPE = YES_ERROR;
				GCC_WARN_UNDECLARED_SELECTOR = YES;
				GCC_WARN_UNINITIALIZED_AUTOS = YES_AGGRESSIVE;
				GCC_WARN_UNUSED_FUNCTION = YES;
				GCC_WARN_UNUSED_VARIABLE = YES;
				IPHONEOS_DEPLOYMENT_TARGET = 15.0;
				MTL_ENABLE_DEBUG_INFO = NO;
				MTL_FAST_MATH = YES;
				SDKROOT = iphoneos;
				SWIFT_COMPILATION_MODE = wholemodule;
				SWIFT_OPTIMIZATION_LEVEL = "-O";
				VALIDATE_PRODUCT = YES;
			};
			name = Release;
		};
		069BA645283668A300E24F1A /* Debug */ = {
			isa = XCBuildConfiguration;
			buildSettings = {
				ASSETCATALOG_COMPILER_APPICON_NAME = AppIcon;
				ASSETCATALOG_COMPILER_GLOBAL_ACCENT_COLOR_NAME = AccentColor;
				CODE_SIGN_STYLE = Automatic;
				CURRENT_PROJECT_VERSION = 1;
				DEVELOPMENT_TEAM = W9RZN492VR;
				GENERATE_INFOPLIST_FILE = YES;
				INFOPLIST_FILE = "Main Weather/Info.plist";
				INFOPLIST_KEY_UIApplicationSupportsIndirectInputEvents = YES;
				INFOPLIST_KEY_UILaunchStoryboardName = LaunchScreen;
				INFOPLIST_KEY_UIMainStoryboardFile = Main;
				INFOPLIST_KEY_UISupportedInterfaceOrientations_iPad = "UIInterfaceOrientationPortrait UIInterfaceOrientationPortraitUpsideDown UIInterfaceOrientationLandscapeLeft UIInterfaceOrientationLandscapeRight";
				INFOPLIST_KEY_UISupportedInterfaceOrientations_iPhone = "UIInterfaceOrientationPortrait UIInterfaceOrientationLandscapeLeft UIInterfaceOrientationLandscapeRight";
				IPHONEOS_DEPLOYMENT_TARGET = 15.4;
				LD_RUNPATH_SEARCH_PATHS = (
					"$(inherited)",
					"@executable_path/Frameworks",
				);
				MARKETING_VERSION = 1.0;
				PRODUCT_BUNDLE_IDENTIFIER = "com.example.SHEM.Main-Weather";
				PRODUCT_NAME = "$(TARGET_NAME)";
				SWIFT_EMIT_LOC_STRINGS = YES;
				SWIFT_VERSION = 5.0;
				TARGETED_DEVICE_FAMILY = "1,2";
			};
			name = Debug;
		};
		069BA646283668A300E24F1A /* Release */ = {
			isa = XCBuildConfiguration;
			buildSettings = {
				ASSETCATALOG_COMPILER_APPICON_NAME = AppIcon;
				ASSETCATALOG_COMPILER_GLOBAL_ACCENT_COLOR_NAME = AccentColor;
				CODE_SIGN_STYLE = Automatic;
				CURRENT_PROJECT_VERSION = 1;
				DEVELOPMENT_TEAM = W9RZN492VR;
				GENERATE_INFOPLIST_FILE = YES;
				INFOPLIST_FILE = "Main Weather/Info.plist";
				INFOPLIST_KEY_UIApplicationSupportsIndirectInputEvents = YES;
				INFOPLIST_KEY_UILaunchStoryboardName = LaunchScreen;
				INFOPLIST_KEY_UIMainStoryboardFile = Main;
				INFOPLIST_KEY_UISupportedInterfaceOrientations_iPad = "UIInterfaceOrientationPortrait UIInterfaceOrientationPortraitUpsideDown UIInterfaceOrientationLandscapeLeft UIInterfaceOrientationLandscapeRight";
				INFOPLIST_KEY_UISupportedInterfaceOrientations_iPhone = "UIInterfaceOrientationPortrait UIInterfaceOrientationLandscapeLeft UIInterfaceOrientationLandscapeRight";
				IPHONEOS_DEPLOYMENT_TARGET = 15.4;
				LD_RUNPATH_SEARCH_PATHS = (
					"$(inherited)",
					"@executable_path/Frameworks",
				);
				MARKETING_VERSION = 1.0;
				PRODUCT_BUNDLE_IDENTIFIER = "com.example.SHEM.Main-Weather";
				PRODUCT_NAME = "$(TARGET_NAME)";
				SWIFT_EMIT_LOC_STRINGS = YES;
				SWIFT_VERSION = 5.0;
				TARGETED_DEVICE_FAMILY = "1,2";
			};
			name = Release;
		};
/* End XCBuildConfiguration section */

/* Begin XCConfigurationList section */
		069BA62B283668A200E24F1A /* Build configuration list for PBXProject "Main Weather" */ = {
			isa = XCConfigurationList;
			buildConfigurations = (
				069BA642283668A300E24F1A /* Debug */,
				069BA643283668A300E24F1A /* Release */,
			);
			defaultConfigurationIsVisible = 0;
			defaultConfigurationName = Release;
		};
		069BA644283668A300E24F1A /* Build configuration list for PBXNativeTarget "Main Weather" */ = {
			isa = XCConfigurationList;
			buildConfigurations = (
				069BA645283668A300E24F1A /* Debug */,
				069BA646283668A300E24F1A /* Release */,
			);
			defaultConfigurationIsVisible = 0;
			defaultConfigurationName = Release;
		};
/* End XCConfigurationList section */
	};
	rootObject = 069BA628283668A200E24F1A /* Project object */;
}
